// !$*UTF8*$!
{
	archiveVersion = 1;
	classes = {
	};
	objectVersion = 48;
	objects = {

/* Begin PBXBuildFile section */
		8C47B47E200C7E88006C9430 /* AppDelegate.m in Sources */ = {isa = PBXBuildFile; fileRef = 8C47B47D200C7E88006C9430 /* AppDelegate.m */; };
		8C47B481200C7E88006C9430 /* ViewController.m in Sources */ = {isa = PBXBuildFile; fileRef = 8C47B480200C7E88006C9430 /* ViewController.m */; };
		8C47B484200C7E88006C9430 /* Main.storyboard in Resources */ = {isa = PBXBuildFile; fileRef = 8C47B482200C7E88006C9430 /* Main.storyboard */; };
		8C47B486200C7E88006C9430 /* Assets.xcassets in Resources */ = {isa = PBXBuildFile; fileRef = 8C47B485200C7E88006C9430 /* Assets.xcassets */; };
		8C47B489200C7E88006C9430 /* LaunchScreen.storyboard in Resources */ = {isa = PBXBuildFile; fileRef = 8C47B487200C7E88006C9430 /* LaunchScreen.storyboard */; };
		8C47B48C200C7E88006C9430 /* main.m in Sources */ = {isa = PBXBuildFile; fileRef = 8C47B48B200C7E88006C9430 /* main.m */; };
		8C47B496200C7E88006C9430 /* opencvTests.m in Sources */ = {isa = PBXBuildFile; fileRef = 8C47B495200C7E88006C9430 /* opencvTests.m */; };
		8C47B4A1200C7E89006C9430 /* opencvUITests.m in Sources */ = {isa = PBXBuildFile; fileRef = 8C47B4A0200C7E89006C9430 /* opencvUITests.m */; };
/* End PBXBuildFile section */

/* Begin PBXContainerItemProxy section */
		8C47B492200C7E88006C9430 /* PBXContainerItemProxy */ = {
			isa = PBXContainerItemProxy;
			containerPortal = 8C47B471200C7E88006C9430 /* Project object */;
			proxyType = 1;
			remoteGlobalIDString = 8C47B478200C7E88006C9430;
			remoteInfo = opencv;
		};
		8C47B49D200C7E89006C9430 /* PBXContainerItemProxy */ = {
			isa = PBXContainerItemProxy;
			containerPortal = 8C47B471200C7E88006C9430 /* Project object */;
			proxyType = 1;
			remoteGlobalIDString = 8C47B478200C7E88006C9430;
			remoteInfo = opencv;
		};
/* End PBXContainerItemProxy section */

/* Begin PBXFileReference section */
		8C47B479200C7E88006C9430 /* opencv.app */ = {isa = PBXFileReference; explicitFileType = wrapper.application; includeInIndex = 0; path = opencv.app; sourceTree = BUILT_PRODUCTS_DIR; };
		8C47B47C200C7E88006C9430 /* AppDelegate.h */ = {isa = PBXFileReference; lastKnownFileType = sourcecode.c.h; path = AppDelegate.h; sourceTree = "<group>"; };
		8C47B47D200C7E88006C9430 /* AppDelegate.m */ = {isa = PBXFileReference; lastKnownFileType = sourcecode.c.objc; path = AppDelegate.m; sourceTree = "<group>"; };
		8C47B47F200C7E88006C9430 /* ViewController.h */ = {isa = PBXFileReference; lastKnownFileType = sourcecode.c.h; path = ViewController.h; sourceTree = "<group>"; };
		8C47B480200C7E88006C9430 /* ViewController.m */ = {isa = PBXFileReference; lastKnownFileType = sourcecode.c.objc; path = ViewController.m; sourceTree = "<group>"; };
		8C47B483200C7E88006C9430 /* Base */ = {isa = PBXFileReference; lastKnownFileType = file.storyboard; name = Base; path = Base.lproj/Main.storyboard; sourceTree = "<group>"; };
		8C47B485200C7E88006C9430 /* Assets.xcassets */ = {isa = PBXFileReference; lastKnownFileType = folder.assetcatalog; path = Assets.xcassets; sourceTree = "<group>"; };
		8C47B488200C7E88006C9430 /* Base */ = {isa = PBXFileReference; lastKnownFileType = file.storyboard; name = Base; path = Base.lproj/LaunchScreen.storyboard; sourceTree = "<group>"; };
		8C47B48A200C7E88006C9430 /* Info.plist */ = {isa = PBXFileReference; lastKnownFileType = text.plist.xml; path = Info.plist; sourceTree = "<group>"; };
		8C47B48B200C7E88006C9430 /* main.m */ = {isa = PBXFileReference; lastKnownFileType = sourcecode.c.objc; path = main.m; sourceTree = "<group>"; };
		8C47B491200C7E88006C9430 /* opencvTests.xctest */ = {isa = PBXFileReference; explicitFileType = wrapper.cfbundle; includeInIndex = 0; path = opencvTests.xctest; sourceTree = BUILT_PRODUCTS_DIR; };
		8C47B495200C7E88006C9430 /* opencvTests.m */ = {isa = PBXFileReference; lastKnownFileType = sourcecode.c.objc; path = opencvTests.m; sourceTree = "<group>"; };
		8C47B497200C7E88006C9430 /* Info.plist */ = {isa = PBXFileReference; lastKnownFileType = text.plist.xml; path = Info.plist; sourceTree = "<group>"; };
		8C47B49C200C7E89006C9430 /* opencvUITests.xctest */ = {isa = PBXFileReference; explicitFileType = wrapper.cfbundle; includeInIndex = 0; path = opencvUITests.xctest; sourceTree = BUILT_PRODUCTS_DIR; };
		8C47B4A0200C7E89006C9430 /* opencvUITests.m */ = {isa = PBXFileReference; lastKnownFileType = sourcecode.c.objc; path = opencvUITests.m; sourceTree = "<group>"; };
		8C47B4A2200C7E89006C9430 /* Info.plist */ = {isa = PBXFileReference; lastKnownFileType = text.plist.xml; path = Info.plist; sourceTree = "<group>"; };
/* End PBXFileReference section */

/* Begin PBXFrameworksBuildPhase section */
		8C47B476200C7E88006C9430 /* Frameworks */ = {
			isa = PBXFrameworksBuildPhase;
			buildActionMask = 2147483647;
			files = (
			);
			runOnlyForDeploymentPostprocessing = 0;
		};
		8C47B48E200C7E88006C9430 /* Frameworks */ = {
			isa = PBXFrameworksBuildPhase;
			buildActionMask = 2147483647;
			files = (
			);
			runOnlyForDeploymentPostprocessing = 0;
		};
		8C47B499200C7E89006C9430 /* Frameworks */ = {
			isa = PBXFrameworksBuildPhase;
			buildActionMask = 2147483647;
			files = (
			);
			runOnlyForDeploymentPostprocessing = 0;
		};
/* End PBXFrameworksBuildPhase section */

/* Begin PBXGroup section */
		8C47B470200C7E88006C9430 = {
			isa = PBXGroup;
			children = (
				8C47B47B200C7E88006C9430 /* opencv */,
				8C47B494200C7E88006C9430 /* opencvTests */,
				8C47B49F200C7E89006C9430 /* opencvUITests */,
				8C47B47A200C7E88006C9430 /* Products */,
			);
			sourceTree = "<group>";
		};
		8C47B47A200C7E88006C9430 /* Products */ = {
			isa = PBXGroup;
			children = (
				8C47B479200C7E88006C9430 /* opencv.app */,
				8C47B491200C7E88006C9430 /* opencvTests.xctest */,
				8C47B49C200C7E89006C9430 /* opencvUITests.xctest */,
			);
			name = Products;
			sourceTree = "<group>";
		};
		8C47B47B200C7E88006C9430 /* opencv */ = {
			isa = PBXGroup;
			children = (
				8C47B47C200C7E88006C9430 /* AppDelegate.h */,
				8C47B47D200C7E88006C9430 /* AppDelegate.m */,
				8C47B47F200C7E88006C9430 /* ViewController.h */,
				8C47B480200C7E88006C9430 /* ViewController.m */,
				8C47B482200C7E88006C9430 /* Main.storyboard */,
				8C47B485200C7E88006C9430 /* Assets.xcassets */,
				8C47B487200C7E88006C9430 /* LaunchScreen.storyboard */,
				8C47B48A200C7E88006C9430 /* Info.plist */,
				8C47B48B200C7E88006C9430 /* main.m */,
			);
			path = opencv;
			sourceTree = "<group>";
		};
		8C47B494200C7E88006C9430 /* opencvTests */ = {
			isa = PBXGroup;
			children = (
				8C47B495200C7E88006C9430 /* opencvTests.m */,
				8C47B497200C7E88006C9430 /* Info.plist */,
			);
			path = opencvTests;
			sourceTree = "<group>";
		};
		8C47B49F200C7E89006C9430 /* opencvUITests */ = {
			isa = PBXGroup;
			children = (
				8C47B4A0200C7E89006C9430 /* opencvUITests.m */,
				8C47B4A2200C7E89006C9430 /* Info.plist */,
			);
			path = opencvUITests;
			sourceTree = "<group>";
		};
/* End PBXGroup section */

/* Begin PBXNativeTarget section */
		8C47B478200C7E88006C9430 /* opencv */ = {
			isa = PBXNativeTarget;
			buildConfigurationList = 8C47B4A5200C7E89006C9430 /* Build configuration list for PBXNativeTarget "opencv" */;
			buildPhases = (
				8C47B475200C7E88006C9430 /* Sources */,
				8C47B476200C7E88006C9430 /* Frameworks */,
				8C47B477200C7E88006C9430 /* Resources */,
			);
			buildRules = (
			);
			dependencies = (
			);
			name = opencv;
			productName = opencv;
			productReference = 8C47B479200C7E88006C9430 /* opencv.app */;
			productType = "com.apple.product-type.application";
		};
		8C47B490200C7E88006C9430 /* opencvTests */ = {
			isa = PBXNativeTarget;
			buildConfigurationList = 8C47B4A8200C7E89006C9430 /* Build configuration list for PBXNativeTarget "opencvTests" */;
			buildPhases = (
				8C47B48D200C7E88006C9430 /* Sources */,
				8C47B48E200C7E88006C9430 /* Frameworks */,
				8C47B48F200C7E88006C9430 /* Resources */,
			);
			buildRules = (
			);
			dependencies = (
				8C47B493200C7E88006C9430 /* PBXTargetDependency */,
			);
			name = opencvTests;
			productName = opencvTests;
			productReference = 8C47B491200C7E88006C9430 /* opencvTests.xctest */;
			productType = "com.apple.product-type.bundle.unit-test";
		};
		8C47B49B200C7E89006C9430 /* opencvUITests */ = {
			isa = PBXNativeTarget;
			buildConfigurationList = 8C47B4AB200C7E89006C9430 /* Build configuration list for PBXNativeTarget "opencvUITests" */;
			buildPhases = (
				8C47B498200C7E89006C9430 /* Sources */,
				8C47B499200C7E89006C9430 /* Frameworks */,
				8C47B49A200C7E89006C9430 /* Resources */,
			);
			buildRules = (
			);
			dependencies = (
				8C47B49E200C7E89006C9430 /* PBXTargetDependency */,
			);
			name = opencvUITests;
			productName = opencvUITests;
			productReference = 8C47B49C200C7E89006C9430 /* opencvUITests.xctest */;
			productType = "com.apple.product-type.bundle.ui-testing";
		};
/* End PBXNativeTarget section */

/* Begin PBXProject section */
		8C47B471200C7E88006C9430 /* Project object */ = {
			isa = PBXProject;
			attributes = {
				LastUpgradeCheck = 0920;
				ORGANIZATIONNAME = "zhiwei pang";
				TargetAttributes = {
					8C47B478200C7E88006C9430 = {
						CreatedOnToolsVersion = 9.2;
						ProvisioningStyle = Automatic;
					};
					8C47B490200C7E88006C9430 = {
						CreatedOnToolsVersion = 9.2;
						ProvisioningStyle = Automatic;
						TestTargetID = 8C47B478200C7E88006C9430;
					};
					8C47B49B200C7E89006C9430 = {
						CreatedOnToolsVersion = 9.2;
						ProvisioningStyle = Automatic;
						TestTargetID = 8C47B478200C7E88006C9430;
					};
				};
			};
			buildConfigurationList = 8C47B474200C7E88006C9430 /* Build configuration list for PBXProject "opencv" */;
			compatibilityVersion = "Xcode 8.0";
			developmentRegion = en;
			hasScannedForEncodings = 0;
			knownRegions = (
				en,
				Base,
			);
			mainGroup = 8C47B470200C7E88006C9430;
			productRefGroup = 8C47B47A200C7E88006C9430 /* Products */;
			projectDirPath = "";
			projectRoot = "";
			targets = (
				8C47B478200C7E88006C9430 /* opencv */,
				8C47B490200C7E88006C9430 /* opencvTests */,
				8C47B49B200C7E89006C9430 /* opencvUITests */,
			);
		};
/* End PBXProject section */

/* Begin PBXResourcesBuildPhase section */
		8C47B477200C7E88006C9430 /* Resources */ = {
			isa = PBXResourcesBuildPhase;
			buildActionMask = 2147483647;
			files = (
				8C47B489200C7E88006C9430 /* LaunchScreen.storyboard in Resources */,
				8C47B486200C7E88006C9430 /* Assets.xcassets in Resources */,
				8C47B484200C7E88006C9430 /* Main.storyboard in Resources */,
			);
			runOnlyForDeploymentPostprocessing = 0;
		};
		8C47B48F200C7E88006C9430 /* Resources */ = {
			isa = PBXResourcesBuildPhase;
			buildActionMask = 2147483647;
			files = (
			);
			runOnlyForDeploymentPostprocessing = 0;
		};
		8C47B49A200C7E89006C9430 /* Resources */ = {
			isa = PBXResourcesBuildPhase;
			buildActionMask = 2147483647;
			files = (
			);
			runOnlyForDeploymentPostprocessing = 0;
		};
/* End PBXResourcesBuildPhase section */

/* Begin PBXSourcesBuildPhase section */
		8C47B475200C7E88006C9430 /* Sources */ = {
			isa = PBXSourcesBuildPhase;
			buildActionMask = 2147483647;
			files = (
				8C47B481200C7E88006C9430 /* ViewController.m in Sources */,
				8C47B48C200C7E88006C9430 /* main.m in Sources */,
				8C47B47E200C7E88006C9430 /* AppDelegate.m in Sources */,
			);
			runOnlyForDeploymentPostprocessing = 0;
		};
		8C47B48D200C7E88006C9430 /* Sources */ = {
			isa = PBXSourcesBuildPhase;
			buildActionMask = 2147483647;
			files = (
				8C47B496200C7E88006C9430 /* opencvTests.m in Sources */,
			);
			runOnlyForDeploymentPostprocessing = 0;
		};
		8C47B498200C7E89006C9430 /* Sources */ = {
			isa = PBXSourcesBuildPhase;
			buildActionMask = 2147483647;
			files = (
				8C47B4A1200C7E89006C9430 /* opencvUITests.m in Sources */,
			);
			runOnlyForDeploymentPostprocessing = 0;
		};
/* End PBXSourcesBuildPhase section */

/* Begin PBXTargetDependency section */
		8C47B493200C7E88006C9430 /* PBXTargetDependency */ = {
			isa = PBXTargetDependency;
			target = 8C47B478200C7E88006C9430 /* opencv */;
			targetProxy = 8C47B492200C7E88006C9430 /* PBXContainerItemProxy */;
		};
		8C47B49E200C7E89006C9430 /* PBXTargetDependency */ = {
			isa = PBXTargetDependency;
			target = 8C47B478200C7E88006C9430 /* opencv */;
			targetProxy = 8C47B49D200C7E89006C9430 /* PBXContainerItemProxy */;
		};
/* End PBXTargetDependency section */

/* Begin PBXVariantGroup section */
		8C47B482200C7E88006C9430 /* Main.storyboard */ = {
			isa = PBXVariantGroup;
			children = (
				8C47B483200C7E88006C9430 /* Base */,
			);
			name = Main.storyboard;
			sourceTree = "<group>";
		};
		8C47B487200C7E88006C9430 /* LaunchScreen.storyboard */ = {
			isa = PBXVariantGroup;
			children = (
				8C47B488200C7E88006C9430 /* Base */,
			);
			name = LaunchScreen.storyboard;
			sourceTree = "<group>";
		};
/* End PBXVariantGroup section */

/* Begin XCBuildConfiguration section */
		8C47B4A3200C7E89006C9430 /* Debug */ = {
			isa = XCBuildConfiguration;
			buildSettings = {
				ALWAYS_SEARCH_USER_PATHS = NO;
				CLANG_ANALYZER_NONNULL = YES;
				CLANG_ANALYZER_NUMBER_OBJECT_CONVERSION = YES_AGGRESSIVE;
				CLANG_CXX_LANGUAGE_STANDARD = "gnu++14";
				CLANG_CXX_LIBRARY = "libc++";
				CLANG_ENABLE_MODULES = YES;
				CLANG_ENABLE_OBJC_ARC = YES;
				CLANG_WARN_BLOCK_CAPTURE_AUTORELEASING = YES;
				CLANG_WARN_BOOL_CONVERSION = YES;
				CLANG_WARN_COMMA = YES;
				CLANG_WARN_CONSTANT_CONVERSION = YES;
				CLANG_WARN_DIRECT_OBJC_ISA_USAGE = YES_ERROR;
				CLANG_WARN_DOCUMENTATION_COMMENTS = YES;
				CLANG_WARN_EMPTY_BODY = YES;
				CLANG_WARN_ENUM_CONVERSION = YES;
				CLANG_WARN_INFINITE_RECURSION = YES;
				CLANG_WARN_INT_CONVERSION = YES;
				CLANG_WARN_NON_LITERAL_NULL_CONVERSION = YES;
				CLANG_WARN_OBJC_LITERAL_CONVERSION = YES;
				CLANG_WARN_OBJC_ROOT_CLASS = YES_ERROR;
				CLANG_WARN_RANGE_LOOP_ANALYSIS = YES;
				CLANG_WARN_STRICT_PROTOTYPES = YES;
				CLANG_WARN_SUSPICIOUS_MOVE = YES;
				CLANG_WARN_UNGUARDED_AVAILABILITY = YES_AGGRESSIVE;
				CLANG_WARN_UNREACHABLE_CODE = YES;
				CLANG_WARN__DUPLICATE_METHOD_MATCH = YES;
				CODE_SIGN_IDENTITY = "iPhone Developer";
				COPY_PHASE_STRIP = NO;
				DEBUG_INFORMATION_FORMAT = dwarf;
				ENABLE_STRICT_OBJC_MSGSEND = YES;
				ENABLE_TESTABILITY = YES;
				GCC_C_LANGUAGE_STANDARD = gnu11;
				GCC_DYNAMIC_NO_PIC = NO;
				GCC_NO_COMMON_BLOCKS = YES;
				GCC_OPTIMIZATION_LEVEL = 0;
				GCC_PREPROCESSOR_DEFINITIONS = (
					"DEBUG=1",
					"$(inherited)",
				);
				GCC_WARN_64_TO_32_BIT_CONVERSION = YES;
				GCC_WARN_ABOUT_RETURN_TYPE = YES_ERROR;
				GCC_WARN_UNDECLARED_SELECTOR = YES;
				GCC_WARN_UNINITIALIZED_AUTOS = YES_AGGRESSIVE;
				GCC_WARN_UNUSED_FUNCTION = YES;
				GCC_WARN_UNUSED_VARIABLE = YES;
				IPHONEOS_DEPLOYMENT_TARGET = 11.2;
				MTL_ENABLE_DEBUG_INFO = YES;
				ONLY_ACTIVE_ARCH = YES;
				SDKROOT = iphoneos;
			};
			name = Debug;
		};
		8C47B4A4200C7E89006C9430 /* Release */ = {
			isa = XCBuildConfiguration;
			buildSettings = {
				ALWAYS_SEARCH_USER_PATHS = NO;
				CLANG_ANALYZER_NONNULL = YES;
				CLANG_ANALYZER_NUMBER_OBJECT_CONVERSION = YES_AGGRESSIVE;
				CLANG_CXX_LANGUAGE_STANDARD = "gnu++14";
				CLANG_CXX_LIBRARY = "libc++";
				CLANG_ENABLE_MODULES = YES;
				CLANG_ENABLE_OBJC_ARC = YES;
				CLANG_WARN_BLOCK_CAPTURE_AUTORELEASING = YES;
				CLANG_WARN_BOOL_CONVERSION = YES;
				CLANG_WARN_COMMA = YES;
				CLANG_WARN_CONSTANT_CONVERSION = YES;
				CLANG_WARN_DIRECT_OBJC_ISA_USAGE = YES_ERROR;
				CLANG_WARN_DOCUMENTATION_COMMENTS = YES;
				CLANG_WARN_EMPTY_BODY = YES;
				CLANG_WARN_ENUM_CONVERSION = YES;
				CLANG_WARN_INFINITE_RECURSION = YES;
				CLANG_WARN_INT_CONVERSION = YES;
				CLANG_WARN_NON_LITERAL_NULL_CONVERSION = YES;
				CLANG_WARN_OBJC_LITERAL_CONVERSION = YES;
				CLANG_WARN_OBJC_ROOT_CLASS = YES_ERROR;
				CLANG_WARN_RANGE_LOOP_ANALYSIS = YES;
				CLANG_WARN_STRICT_PROTOTYPES = YES;
				CLANG_WARN_SUSPICIOUS_MOVE = YES;
				CLANG_WARN_UNGUARDED_AVAILABILITY = YES_AGGRESSIVE;
				CLANG_WARN_UNREACHABLE_CODE = YES;
				CLANG_WARN__DUPLICATE_METHOD_MATCH = YES;
				CODE_SIGN_IDENTITY = "iPhone Developer";
				COPY_PHASE_STRIP = NO;
				DEBUG_INFORMATION_FORMAT = "dwarf-with-dsym";
				ENABLE_NS_ASSERTIONS = NO;
				ENABLE_STRICT_OBJC_MSGSEND = YES;
				GCC_C_LANGUAGE_STANDARD = gnu11;
				GCC_NO_COMMON_BLOCKS = YES;
				GCC_WARN_64_TO_32_BIT_CONVERSION = YES;
				GCC_WARN_ABOUT_RETURN_TYPE = YES_ERROR;
				GCC_WARN_UNDECLARED_SELECTOR = YES;
				GCC_WARN_UNINITIALIZED_AUTOS = YES_AGGRESSIVE;
				GCC_WARN_UNUSED_FUNCTION = YES;
				GCC_WARN_UNUSED_VARIABLE = YES;
				IPHONEOS_DEPLOYMENT_TARGET = 11.2;
				MTL_ENABLE_DEBUG_INFO = NO;
				SDKROOT = iphoneos;
				VALIDATE_PRODUCT = YES;
			};
			name = Release;
		};
		8C47B4A6200C7E89006C9430 /* Debug */ = {
			isa = XCBuildConfiguration;
			buildSettings = {
				ASSETCATALOG_COMPILER_APPICON_NAME = AppIcon;
				CODE_SIGN_STYLE = Automatic;
				INFOPLIST_FILE = opencv/Info.plist;
				LD_RUNPATH_SEARCH_PATHS = "$(inherited) @executable_path/Frameworks";
				PRODUCT_BUNDLE_IDENTIFIER = com.endler.opencv;
				PRODUCT_NAME = "$(TARGET_NAME)";
				TARGETED_DEVICE_FAMILY = "1,2";
			};
			name = Debug;
		};
		8C47B4A7200C7E89006C9430 /* Release */ = {
			isa = XCBuildConfiguration;
			buildSettings = {
				ASSETCATALOG_COMPILER_APPICON_NAME = AppIcon;
				CODE_SIGN_STYLE = Automatic;
				INFOPLIST_FILE = opencv/Info.plist;
				LD_RUNPATH_SEARCH_PATHS = "$(inherited) @executable_path/Frameworks";
				PRODUCT_BUNDLE_IDENTIFIER = com.endler.opencv;
				PRODUCT_NAME = "$(TARGET_NAME)";
				TARGETED_DEVICE_FAMILY = "1,2";
			};
			name = Release;
		};
		8C47B4A9200C7E89006C9430 /* Debug */ = {
			isa = XCBuildConfiguration;
			buildSettings = {
				BUNDLE_LOADER = "$(TEST_HOST)";
				CODE_SIGN_STYLE = Automatic;
				INFOPLIST_FILE = opencvTests/Info.plist;
				LD_RUNPATH_SEARCH_PATHS = "$(inherited) @executable_path/Frameworks @loader_path/Frameworks";
				PRODUCT_BUNDLE_IDENTIFIER = com.endler.opencvTests;
				PRODUCT_NAME = "$(TARGET_NAME)";
				TARGETED_DEVICE_FAMILY = "1,2";
				TEST_HOST = "$(BUILT_PRODUCTS_DIR)/opencv.app/opencv";
			};
			name = Debug;
		};
		8C47B4AA200C7E89006C9430 /* Release */ = {
			isa = XCBuildConfiguration;
			buildSettings = {
				BUNDLE_LOADER = "$(TEST_HOST)";
				CODE_SIGN_STYLE = Automatic;
				INFOPLIST_FILE = opencvTests/Info.plist;
				LD_RUNPATH_SEARCH_PATHS = "$(inherited) @executable_path/Frameworks @loader_path/Frameworks";
				PRODUCT_BUNDLE_IDENTIFIER = com.endler.opencvTests;
				PRODUCT_NAME = "$(TARGET_NAME)";
				TARGETED_DEVICE_FAMILY = "1,2";
				TEST_HOST = "$(BUILT_PRODUCTS_DIR)/opencv.app/opencv";
			};
			name = Release;
		};
		8C47B4AC200C7E89006C9430 /* Debug */ = {
			isa = XCBuildConfiguration;
			buildSettings = {
				CODE_SIGN_STYLE = Automatic;
				INFOPLIST_FILE = opencvUITests/Info.plist;
				LD_RUNPATH_SEARCH_PATHS = "$(inherited) @executable_path/Frameworks @loader_path/Frameworks";
				PRODUCT_BUNDLE_IDENTIFIER = com.endler.opencvUITests;
				PRODUCT_NAME = "$(TARGET_NAME)";
				TARGETED_DEVICE_FAMILY = "1,2";
				TEST_TARGET_NAME = opencv;
			};
			name = Debug;
		};
		8C47B4AD200C7E89006C9430 /* Release */ = {
			isa = XCBuildConfiguration;
			buildSettings = {
				CODE_SIGN_STYLE = Automatic;
				INFOPLIST_FILE = opencvUITests/Info.plist;
				LD_RUNPATH_SEARCH_PATHS = "$(inherited) @executable_path/Frameworks @loader_path/Frameworks";
				PRODUCT_BUNDLE_IDENTIFIER = com.endler.opencvUITests;
				PRODUCT_NAME = "$(TARGET_NAME)";
				TARGETED_DEVICE_FAMILY = "1,2";
				TEST_TARGET_NAME = opencv;
			};
			name = Release;
		};
/* End XCBuildConfiguration section */

/* Begin XCConfigurationList section */
		8C47B474200C7E88006C9430 /* Build configuration list for PBXProject "opencv" */ = {
			isa = XCConfigurationList;
			buildConfigurations = (
				8C47B4A3200C7E89006C9430 /* Debug */,
				8C47B4A4200C7E89006C9430 /* Release */,
			);
			defaultConfigurationIsVisible = 0;
			defaultConfigurationName = Release;
		};
		8C47B4A5200C7E89006C9430 /* Build configuration list for PBXNativeTarget "opencv" */ = {
			isa = XCConfigurationList;
			buildConfigurations = (
				8C47B4A6200C7E89006C9430 /* Debug */,
				8C47B4A7200C7E89006C9430 /* Release */,
			);
			defaultConfigurationIsVisible = 0;
			defaultConfigurationName = Release;
		};
		8C47B4A8200C7E89006C9430 /* Build configuration list for PBXNativeTarget "opencvTests" */ = {
			isa = XCConfigurationList;
			buildConfigurations = (
				8C47B4A9200C7E89006C9430 /* Debug */,
				8C47B4AA200C7E89006C9430 /* Release */,
			);
			defaultConfigurationIsVisible = 0;
			defaultConfigurationName = Release;
		};
		8C47B4AB200C7E89006C9430 /* Build configuration list for PBXNativeTarget "opencvUITests" */ = {
			isa = XCConfigurationList;
			buildConfigurations = (
				8C47B4AC200C7E89006C9430 /* Debug */,
				8C47B4AD200C7E89006C9430 /* Release */,
			);
			defaultConfigurationIsVisible = 0;
			defaultConfigurationName = Release;
		};
/* End XCConfigurationList section */
	};
	rootObject = 8C47B471200C7E88006C9430 /* Project object */;
}
